
Microsoft Visual Studio Solution File, Format Version 12.00
Project("{2150E333-8FDC-42A3-9474-1A3956D46DE8}") = "Services", "Services", "{41E138C4-E395-47ED-AD53-A4893A35F0D6}"
EndProject
Project("{2150E333-8FDC-42A3-9474-1A3956D46DE8}") = "Catalog", "Catalog", "{98DC55C9-D072-4CA6-A081-9ECFB3300D9E}"
EndProject
Project("{FAE04EC0-301F-11D3-BF4B-00C04F79EFBC}") = "Catalog.API", "Catalog\Catalog.API\Catalog.API.csproj", "{154036EB-8D69-4A4B-8AF5-38469DC8A3F5}"
EndProject
Project("{FAE04EC0-301F-11D3-BF4B-00C04F79EFBC}") = "Catalog.Core", "Catalog\Catalog.Core\Catalog.Core.csproj", "{529794C7-2EB9-4F33-B207-3514F4A688A5}"
EndProject
Project("{FAE04EC0-301F-11D3-BF4B-00C04F79EFBC}") = "Catalog.Infrastructure", "Catalog\Catalog.Infrastructure\Catalog.Infrastructure.csproj", "{630FFAAE-2F4C-4F34-9A0A-D7A233D65235}"
EndProject
Project("{FAE04EC0-301F-11D3-BF4B-00C04F79EFBC}") = "Catalog.Application", "Catalog\Catalog.Application\Catalog.Application.csproj", "{EB602CD3-53A0-4F69-98C6-CA8695A7883C}"
EndProject
Global
	GlobalSection(SolutionConfigurationPlatforms) = preSolution
		Debug|Any CPU = Debug|Any CPU
		Release|Any CPU = Release|Any CPU
	EndGlobalSection
	GlobalSection(NestedProjects) = preSolution
		{98DC55C9-D072-4CA6-A081-9ECFB3300D9E} = {41E138C4-E395-47ED-AD53-A4893A35F0D6}
		{154036EB-8D69-4A4B-8AF5-38469DC8A3F5} = {98DC55C9-D072-4CA6-A081-9ECFB3300D9E}
		{529794C7-2EB9-4F33-B207-3514F4A688A5} = {98DC55C9-D072-4CA6-A081-9ECFB3300D9E}
		{630FFAAE-2F4C-4F34-9A0A-D7A233D65235} = {98DC55C9-D072-4CA6-A081-9ECFB3300D9E}
		{EB602CD3-53A0-4F69-98C6-CA8695A7883C} = {98DC55C9-D072-4CA6-A081-9ECFB3300D9E}
	EndGlobalSection
	GlobalSection(ProjectConfigurationPlatforms) = postSolution
		{154036EB-8D69-4A4B-8AF5-38469DC8A3F5}.Debug|Any CPU.ActiveCfg = Debug|Any CPU
		{154036EB-8D69-4A4B-8AF5-38469DC8A3F5}.Debug|Any CPU.Build.0 = Debug|Any CPU
		{154036EB-8D69-4A4B-8AF5-38469DC8A3F5}.Release|Any CPU.ActiveCfg = Release|Any CPU
		{154036EB-8D69-4A4B-8AF5-38469DC8A3F5}.Release|Any CPU.Build.0 = Release|Any CPU
		{529794C7-2EB9-4F33-B207-3514F4A688A5}.Debug|Any CPU.ActiveCfg = Debug|Any CPU
		{529794C7-2EB9-4F33-B207-3514F4A688A5}.Debug|Any CPU.Build.0 = Debug|Any CPU
		{529794C7-2EB9-4F33-B207-3514F4A688A5}.Release|Any CPU.ActiveCfg = Release|Any CPU
		{529794C7-2EB9-4F33-B207-3514F4A688A5}.Release|Any CPU.Build.0 = Release|Any CPU
		{630FFAAE-2F4C-4F34-9A0A-D7A233D65235}.Debug|Any CPU.ActiveCfg = Debug|Any CPU
		{630FFAAE-2F4C-4F34-9A0A-D7A233D65235}.Debug|Any CPU.Build.0 = Debug|Any CPU
		{630FFAAE-2F4C-4F34-9A0A-D7A233D65235}.Release|Any CPU.ActiveCfg = Release|Any CPU
		{630FFAAE-2F4C-4F34-9A0A-D7A233D65235}.Release|Any CPU.Build.0 = Release|Any CPU
		{EB602CD3-53A0-4F69-98C6-CA8695A7883C}.Debug|Any CPU.ActiveCfg = Debug|Any CPU
		{EB602CD3-53A0-4F69-98C6-CA8695A7883C}.Debug|Any CPU.Build.0 = Debug|Any CPU
		{EB602CD3-53A0-4F69-98C6-CA8695A7883C}.Release|Any CPU.ActiveCfg = Release|Any CPU
		{EB602CD3-53A0-4F69-98C6-CA8695A7883C}.Release|Any CPU.Build.0 = Release|Any CPU
	EndGlobalSection
EndGlobal
