
Microsoft Visual Studio Solution File, Format Version 12.00
Project("{2150E333-8FDC-42A3-9474-1A3956D46DE8}") = "Services", "Services", "{41E138C4-E395-47ED-AD53-A4893A35F0D6}"
EndProject
Project("{2150E333-8FDC-42A3-9474-1A3956D46DE8}") = "Catalog", "Catalog", "{98DC55C9-D072-4CA6-A081-9ECFB3300D9E}"
EndProject
Project("{FAE04EC0-301F-11D3-BF4B-00C04F79EFBC}") = "Catalog.API", "Catalog\Catalog.API\Catalog.API.csproj", "{154036EB-8D69-4A4B-8AF5-38469DC8A3F5}"
EndProject
Project("{FAE04EC0-301F-11D3-BF4B-00C04F79EFBC}") = "Catalog.Core", "Catalog\Catalog.Core\Catalog.Core.csproj", "{529794C7-2EB9-4F33-B207-3514F4A688A5}"
EndProject
Project("{FAE04EC0-301F-11D3-BF4B-00C04F79EFBC}") = "Catalog.Infrastructure", "Catalog\Catalog.Infrastructure\Catalog.Infrastructure.csproj", "{630FFAAE-2F4C-4F34-9A0A-D7A233D65235}"
EndProject
Project("{FAE04EC0-301F-11D3-BF4B-00C04F79EFBC}") = "Catalog.Application", "Catalog\Catalog.Application\Catalog.Application.csproj", "{EB602CD3-53A0-4F69-98C6-CA8695A7883C}"
EndProject
Project("{E53339B2-1760-4266-BCC7-CA923CBCF16C}") = "docker-compose", "docker-compose.dcproj", "{A92412CF-0A07-452C-9DCF-EF3F436F8FA8}"
EndProject
Project("{2150E333-8FDC-42A3-9474-1A3956D46DE8}") = "Basket", "Basket", "{26B323E2-058A-4C39-A7B0-8634C1FEACCF}"
EndProject
Project("{FAE04EC0-301F-11D3-BF4B-00C04F79EFBC}") = "Basket.Application", "Basket\Basket.Application\Basket.Application.csproj", "{D0C720F8-7944-43BF-BD73-085E76F6702D}"
EndProject
Project("{FAE04EC0-301F-11D3-BF4B-00C04F79EFBC}") = "Basket.Core", "Basket\Basket.Core\Basket.Core.csproj", "{7BF5D25C-4705-4DA1-9862-6D3DBF736FC6}"
EndProject
Project("{FAE04EC0-301F-11D3-BF4B-00C04F79EFBC}") = "Basket.Infrastructure", "Basket\Basket.Infrastructure\Basket.Infrastructure.csproj", "{61931107-B570-4C88-9534-73A653A40453}"
EndProject
Project("{FAE04EC0-301F-11D3-BF4B-00C04F79EFBC}") = "Basket.API", "Basket\Basket.API\Basket.API.csproj", "{234CB14C-D607-47BB-A4BD-66CCC7B8AC3F}"
EndProject
Project("{2150E333-8FDC-42A3-9474-1A3956D46DE8}") = "Discount", "Discount", "{D9BF9D3D-FF82-44C4-BCBC-F20FD7F20F8D}"
EndProject
Project("{FAE04EC0-301F-11D3-BF4B-00C04F79EFBC}") = "Discount.API", "Services\Discount\Discount.API\Discount.API.csproj", "{86CFB3FC-CA8D-48E9-BCAD-BD6EDCAA2DD5}"
EndProject
Project("{FAE04EC0-301F-11D3-BF4B-00C04F79EFBC}") = "Discount.Core", "Services\Discount\Discount.Core\Discount.Core.csproj", "{2E0BCEBF-5E95-4441-9549-7E586F02955D}"
EndProject
Project("{FAE04EC0-301F-11D3-BF4B-00C04F79EFBC}") = "Discount.Application", "Services\Discount\Discount.Application\Discount.Application.csproj", "{22BBF4F4-FB97-4DF7-B426-F234BD73906E}"
EndProject
Project("{FAE04EC0-301F-11D3-BF4B-00C04F79EFBC}") = "Discount.Infrastructure", "Services\Discount\Discount.Infrastructure\Discount.Infrastructure.csproj", "{39EED76D-CD8F-4563-A194-29BBA353BD32}"
EndProject
Project("{2150E333-8FDC-42A3-9474-1A3956D46DE8}") = "Ordering", "Ordering", "{2E061A8B-AF9D-4102-A6D7-6404A4AD16F8}"
EndProject
Project("{FAE04EC0-301F-11D3-BF4B-00C04F79EFBC}") = "Ordering.Core", "Services\Ordering\Ordering.Core\Ordering.Core.csproj", "{2E5D3A39-1971-4F66-9E89-652B2BFAB641}"
EndProject
Project("{FAE04EC0-301F-11D3-BF4B-00C04F79EFBC}") = "Ordering.Application", "Services\Ordering\Ordering.Application\Ordering.Application.csproj", "{25565290-2BDF-471A-B6DF-8AA82DF6A964}"
EndProject
Project("{FAE04EC0-301F-11D3-BF4B-00C04F79EFBC}") = "Ordering.Infrastructure", "Services\Ordering\Ordering.Infrastructure\Ordering.Infrastructure.csproj", "{C930EF8F-DA68-470C-99BE-9E181EDADC0F}"
EndProject
Project("{FAE04EC0-301F-11D3-BF4B-00C04F79EFBC}") = "Ordering.API", "Services\Ordering\Ordering.API\Ordering.API.csproj", "{06F5E465-CA36-4D99-A905-FC817AD24DFC}"
EndProject
Global
	GlobalSection(SolutionConfigurationPlatforms) = preSolution
		Debug|Any CPU = Debug|Any CPU
		Release|Any CPU = Release|Any CPU
	EndGlobalSection
	GlobalSection(NestedProjects) = preSolution
		{98DC55C9-D072-4CA6-A081-9ECFB3300D9E} = {41E138C4-E395-47ED-AD53-A4893A35F0D6}
		{154036EB-8D69-4A4B-8AF5-38469DC8A3F5} = {98DC55C9-D072-4CA6-A081-9ECFB3300D9E}
		{529794C7-2EB9-4F33-B207-3514F4A688A5} = {98DC55C9-D072-4CA6-A081-9ECFB3300D9E}
		{630FFAAE-2F4C-4F34-9A0A-D7A233D65235} = {98DC55C9-D072-4CA6-A081-9ECFB3300D9E}
		{EB602CD3-53A0-4F69-98C6-CA8695A7883C} = {98DC55C9-D072-4CA6-A081-9ECFB3300D9E}
		{26B323E2-058A-4C39-A7B0-8634C1FEACCF} = {41E138C4-E395-47ED-AD53-A4893A35F0D6}
		{D0C720F8-7944-43BF-BD73-085E76F6702D} = {26B323E2-058A-4C39-A7B0-8634C1FEACCF}
		{7BF5D25C-4705-4DA1-9862-6D3DBF736FC6} = {26B323E2-058A-4C39-A7B0-8634C1FEACCF}
		{61931107-B570-4C88-9534-73A653A40453} = {26B323E2-058A-4C39-A7B0-8634C1FEACCF}
		{234CB14C-D607-47BB-A4BD-66CCC7B8AC3F} = {26B323E2-058A-4C39-A7B0-8634C1FEACCF}
		{D9BF9D3D-FF82-44C4-BCBC-F20FD7F20F8D} = {41E138C4-E395-47ED-AD53-A4893A35F0D6}
		{86CFB3FC-CA8D-48E9-BCAD-BD6EDCAA2DD5} = {D9BF9D3D-FF82-44C4-BCBC-F20FD7F20F8D}
		{2E0BCEBF-5E95-4441-9549-7E586F02955D} = {D9BF9D3D-FF82-44C4-BCBC-F20FD7F20F8D}
		{22BBF4F4-FB97-4DF7-B426-F234BD73906E} = {D9BF9D3D-FF82-44C4-BCBC-F20FD7F20F8D}
		{39EED76D-CD8F-4563-A194-29BBA353BD32} = {D9BF9D3D-FF82-44C4-BCBC-F20FD7F20F8D}
		{2E061A8B-AF9D-4102-A6D7-6404A4AD16F8} = {41E138C4-E395-47ED-AD53-A4893A35F0D6}
		{2E5D3A39-1971-4F66-9E89-652B2BFAB641} = {2E061A8B-AF9D-4102-A6D7-6404A4AD16F8}
		{25565290-2BDF-471A-B6DF-8AA82DF6A964} = {2E061A8B-AF9D-4102-A6D7-6404A4AD16F8}
		{C930EF8F-DA68-470C-99BE-9E181EDADC0F} = {2E061A8B-AF9D-4102-A6D7-6404A4AD16F8}
		{06F5E465-CA36-4D99-A905-FC817AD24DFC} = {2E061A8B-AF9D-4102-A6D7-6404A4AD16F8}
	EndGlobalSection
	GlobalSection(ProjectConfigurationPlatforms) = postSolution
		{154036EB-8D69-4A4B-8AF5-38469DC8A3F5}.Debug|Any CPU.ActiveCfg = Debug|Any CPU
		{154036EB-8D69-4A4B-8AF5-38469DC8A3F5}.Debug|Any CPU.Build.0 = Debug|Any CPU
		{154036EB-8D69-4A4B-8AF5-38469DC8A3F5}.Release|Any CPU.ActiveCfg = Release|Any CPU
		{154036EB-8D69-4A4B-8AF5-38469DC8A3F5}.Release|Any CPU.Build.0 = Release|Any CPU
		{529794C7-2EB9-4F33-B207-3514F4A688A5}.Debug|Any CPU.ActiveCfg = Debug|Any CPU
		{529794C7-2EB9-4F33-B207-3514F4A688A5}.Debug|Any CPU.Build.0 = Debug|Any CPU
		{529794C7-2EB9-4F33-B207-3514F4A688A5}.Release|Any CPU.ActiveCfg = Release|Any CPU
		{529794C7-2EB9-4F33-B207-3514F4A688A5}.Release|Any CPU.Build.0 = Release|Any CPU
		{630FFAAE-2F4C-4F34-9A0A-D7A233D65235}.Debug|Any CPU.ActiveCfg = Debug|Any CPU
		{630FFAAE-2F4C-4F34-9A0A-D7A233D65235}.Debug|Any CPU.Build.0 = Debug|Any CPU
		{630FFAAE-2F4C-4F34-9A0A-D7A233D65235}.Release|Any CPU.ActiveCfg = Release|Any CPU
		{630FFAAE-2F4C-4F34-9A0A-D7A233D65235}.Release|Any CPU.Build.0 = Release|Any CPU
		{EB602CD3-53A0-4F69-98C6-CA8695A7883C}.Debug|Any CPU.ActiveCfg = Debug|Any CPU
		{EB602CD3-53A0-4F69-98C6-CA8695A7883C}.Debug|Any CPU.Build.0 = Debug|Any CPU
		{EB602CD3-53A0-4F69-98C6-CA8695A7883C}.Release|Any CPU.ActiveCfg = Release|Any CPU
		{EB602CD3-53A0-4F69-98C6-CA8695A7883C}.Release|Any CPU.Build.0 = Release|Any CPU
		{D0C720F8-7944-43BF-BD73-085E76F6702D}.Debug|Any CPU.ActiveCfg = Debug|Any CPU
		{D0C720F8-7944-43BF-BD73-085E76F6702D}.Debug|Any CPU.Build.0 = Debug|Any CPU
		{D0C720F8-7944-43BF-BD73-085E76F6702D}.Release|Any CPU.ActiveCfg = Release|Any CPU
		{D0C720F8-7944-43BF-BD73-085E76F6702D}.Release|Any CPU.Build.0 = Release|Any CPU
		{7BF5D25C-4705-4DA1-9862-6D3DBF736FC6}.Debug|Any CPU.ActiveCfg = Debug|Any CPU
		{7BF5D25C-4705-4DA1-9862-6D3DBF736FC6}.Debug|Any CPU.Build.0 = Debug|Any CPU
		{7BF5D25C-4705-4DA1-9862-6D3DBF736FC6}.Release|Any CPU.ActiveCfg = Release|Any CPU
		{7BF5D25C-4705-4DA1-9862-6D3DBF736FC6}.Release|Any CPU.Build.0 = Release|Any CPU
		{61931107-B570-4C88-9534-73A653A40453}.Debug|Any CPU.ActiveCfg = Debug|Any CPU
		{61931107-B570-4C88-9534-73A653A40453}.Debug|Any CPU.Build.0 = Debug|Any CPU
		{61931107-B570-4C88-9534-73A653A40453}.Release|Any CPU.ActiveCfg = Release|Any CPU
		{61931107-B570-4C88-9534-73A653A40453}.Release|Any CPU.Build.0 = Release|Any CPU
		{234CB14C-D607-47BB-A4BD-66CCC7B8AC3F}.Debug|Any CPU.ActiveCfg = Debug|Any CPU
		{234CB14C-D607-47BB-A4BD-66CCC7B8AC3F}.Debug|Any CPU.Build.0 = Debug|Any CPU
		{234CB14C-D607-47BB-A4BD-66CCC7B8AC3F}.Release|Any CPU.ActiveCfg = Release|Any CPU
		{234CB14C-D607-47BB-A4BD-66CCC7B8AC3F}.Release|Any CPU.Build.0 = Release|Any CPU
		{86CFB3FC-CA8D-48E9-BCAD-BD6EDCAA2DD5}.Debug|Any CPU.ActiveCfg = Debug|Any CPU
		{86CFB3FC-CA8D-48E9-BCAD-BD6EDCAA2DD5}.Debug|Any CPU.Build.0 = Debug|Any CPU
		{86CFB3FC-CA8D-48E9-BCAD-BD6EDCAA2DD5}.Release|Any CPU.ActiveCfg = Release|Any CPU
		{86CFB3FC-CA8D-48E9-BCAD-BD6EDCAA2DD5}.Release|Any CPU.Build.0 = Release|Any CPU
		{2E0BCEBF-5E95-4441-9549-7E586F02955D}.Debug|Any CPU.ActiveCfg = Debug|Any CPU
		{2E0BCEBF-5E95-4441-9549-7E586F02955D}.Debug|Any CPU.Build.0 = Debug|Any CPU
		{2E0BCEBF-5E95-4441-9549-7E586F02955D}.Release|Any CPU.ActiveCfg = Release|Any CPU
		{2E0BCEBF-5E95-4441-9549-7E586F02955D}.Release|Any CPU.Build.0 = Release|Any CPU
		{22BBF4F4-FB97-4DF7-B426-F234BD73906E}.Debug|Any CPU.ActiveCfg = Debug|Any CPU
		{22BBF4F4-FB97-4DF7-B426-F234BD73906E}.Debug|Any CPU.Build.0 = Debug|Any CPU
		{22BBF4F4-FB97-4DF7-B426-F234BD73906E}.Release|Any CPU.ActiveCfg = Release|Any CPU
		{22BBF4F4-FB97-4DF7-B426-F234BD73906E}.Release|Any CPU.Build.0 = Release|Any CPU
		{39EED76D-CD8F-4563-A194-29BBA353BD32}.Debug|Any CPU.ActiveCfg = Debug|Any CPU
		{39EED76D-CD8F-4563-A194-29BBA353BD32}.Debug|Any CPU.Build.0 = Debug|Any CPU
		{39EED76D-CD8F-4563-A194-29BBA353BD32}.Release|Any CPU.ActiveCfg = Release|Any CPU
		{39EED76D-CD8F-4563-A194-29BBA353BD32}.Release|Any CPU.Build.0 = Release|Any CPU
		{2E5D3A39-1971-4F66-9E89-652B2BFAB641}.Debug|Any CPU.ActiveCfg = Debug|Any CPU
		{2E5D3A39-1971-4F66-9E89-652B2BFAB641}.Debug|Any CPU.Build.0 = Debug|Any CPU
		{2E5D3A39-1971-4F66-9E89-652B2BFAB641}.Release|Any CPU.ActiveCfg = Release|Any CPU
		{2E5D3A39-1971-4F66-9E89-652B2BFAB641}.Release|Any CPU.Build.0 = Release|Any CPU
		{25565290-2BDF-471A-B6DF-8AA82DF6A964}.Debug|Any CPU.ActiveCfg = Debug|Any CPU
		{25565290-2BDF-471A-B6DF-8AA82DF6A964}.Debug|Any CPU.Build.0 = Debug|Any CPU
		{25565290-2BDF-471A-B6DF-8AA82DF6A964}.Release|Any CPU.ActiveCfg = Release|Any CPU
		{25565290-2BDF-471A-B6DF-8AA82DF6A964}.Release|Any CPU.Build.0 = Release|Any CPU
		{C930EF8F-DA68-470C-99BE-9E181EDADC0F}.Debug|Any CPU.ActiveCfg = Debug|Any CPU
		{C930EF8F-DA68-470C-99BE-9E181EDADC0F}.Debug|Any CPU.Build.0 = Debug|Any CPU
		{C930EF8F-DA68-470C-99BE-9E181EDADC0F}.Release|Any CPU.ActiveCfg = Release|Any CPU
		{C930EF8F-DA68-470C-99BE-9E181EDADC0F}.Release|Any CPU.Build.0 = Release|Any CPU
		{06F5E465-CA36-4D99-A905-FC817AD24DFC}.Debug|Any CPU.ActiveCfg = Debug|Any CPU
		{06F5E465-CA36-4D99-A905-FC817AD24DFC}.Debug|Any CPU.Build.0 = Debug|Any CPU
		{06F5E465-CA36-4D99-A905-FC817AD24DFC}.Release|Any CPU.ActiveCfg = Release|Any CPU
		{06F5E465-CA36-4D99-A905-FC817AD24DFC}.Release|Any CPU.Build.0 = Release|Any CPU
	EndGlobalSection
EndGlobal
